
Microsoft Visual Studio Solution File, Format Version 12.00
# Visual Studio Version 17
VisualStudioVersion = 17.1.32421.90
MinimumVisualStudioVersion = 10.0.40219.1
Project("{FAE04EC0-301F-11D3-BF4B-00C04F79EFBC}") = "MVC_assignment", "MVC_assignment.csproj", "{F2DA0D48-2096-40F3-B067-274A929527EE}"
EndProject
Global
	GlobalSection(SolutionConfigurationPlatforms) = preSolution
		Debug|Any CPU = Debug|Any CPU
		Release|Any CPU = Release|Any CPU
	EndGlobalSection
	GlobalSection(ProjectConfigurationPlatforms) = postSolution
		{F2DA0D48-2096-40F3-B067-274A929527EE}.Debug|Any CPU.ActiveCfg = Debug|Any CPU
		{F2DA0D48-2096-40F3-B067-274A929527EE}.Debug|Any CPU.Build.0 = Debug|Any CPU
		{F2DA0D48-2096-40F3-B067-274A929527EE}.Release|Any CPU.ActiveCfg = Release|Any CPU
		{F2DA0D48-2096-40F3-B067-274A929527EE}.Release|Any CPU.Build.0 = Release|Any CPU
	EndGlobalSection
	GlobalSection(SolutionProperties) = preSolution
		HideSolutionNode = FALSE
	EndGlobalSection
	GlobalSection(ExtensibilityGlobals) = postSolution
		SolutionGuid = {4950EC07-C623-4540-9CC3-1068FA4E1975}
	EndGlobalSection
EndGlobal
